
Microsoft Visual Studio Solution File, Format Version 12.00
# Visual Studio 2012
Project("{FAE04EC0-301F-11D3-BF4B-00C04F79EFBC}") = "RPlugin", "RPlugin\RPlugin.csproj", "{D9A6F021-8C18-40AA-BEDD-E69E7E48226F}"
EndProject
Project("{2150E333-8FDC-42A3-9474-1A3956D46DE8}") = "Solution Items", "Solution Items", "{A850F042-6561-41CC-8921-E201D17E6146}"
	ProjectSection(SolutionItems) = preProject
		COPYING = COPYING
		README = README
	EndProjectSection
EndProject
Global
	GlobalSection(SolutionConfigurationPlatforms) = preSolution
		Debug|Any CPU = Debug|Any CPU
		Debug|Mixed Platforms = Debug|Mixed Platforms
		Debug|x86 = Debug|x86
		Release|Any CPU = Release|Any CPU
		Release|Mixed Platforms = Release|Mixed Platforms
		Release|x86 = Release|x86
	EndGlobalSection
	GlobalSection(ProjectConfigurationPlatforms) = postSolution
		{D9A6F021-8C18-40AA-BEDD-E69E7E48226F}.Debug|Any CPU.ActiveCfg = Debug|Any CPU
		{D9A6F021-8C18-40AA-BEDD-E69E7E48226F}.Debug|Any CPU.Build.0 = Debug|Any CPU
		{D9A6F021-8C18-40AA-BEDD-E69E7E48226F}.Debug|Mixed Platforms.ActiveCfg = Debug|Any CPU
		{D9A6F021-8C18-40AA-BEDD-E69E7E48226F}.Debug|Mixed Platforms.Build.0 = Debug|Any CPU
		{D9A6F021-8C18-40AA-BEDD-E69E7E48226F}.Debug|x86.ActiveCfg = Debug|Any CPU
		{D9A6F021-8C18-40AA-BEDD-E69E7E48226F}.Release|Any CPU.ActiveCfg = Release|Any CPU
		{D9A6F021-8C18-40AA-BEDD-E69E7E48226F}.Release|Any CPU.Build.0 = Release|Any CPU
		{D9A6F021-8C18-40AA-BEDD-E69E7E48226F}.Release|Mixed Platforms.ActiveCfg = Release|Any CPU
		{D9A6F021-8C18-40AA-BEDD-E69E7E48226F}.Release|Mixed Platforms.Build.0 = Release|Any CPU
		{D9A6F021-8C18-40AA-BEDD-E69E7E48226F}.Release|x86.ActiveCfg = Release|Any CPU
	EndGlobalSection
	GlobalSection(SolutionProperties) = preSolution
		HideSolutionNode = FALSE
	EndGlobalSection
EndGlobal
