
Microsoft Visual Studio Solution File, Format Version 12.00
# Visual Studio 2012
Project("{FAE04EC0-301F-11D3-BF4B-00C04F79EFBC}") = "TraceLab.Components.RPlugin", "TraceLab.Components.RPlugin\TraceLab.Components.RPlugin.csproj", "{8F624094-B08E-41EF-8675-085898FCBCA4}"
EndProject
Project("{FAE04EC0-301F-11D3-BF4B-00C04F79EFBC}") = "TraceLab.Components.RPlugin.Types", "TraceLab.Components.RPlugin.Types\TraceLab.Components.RPlugin.Types.csproj", "{5FF2033F-9082-4143-835B-F5D487FDC085}"
EndProject
Project("{FAE04EC0-301F-11D3-BF4B-00C04F79EFBC}") = "TraceLab.Components.RPlugin.Tests", "TraceLab.Components.RPlugin.Tests\TraceLab.Components.RPlugin.Tests.csproj", "{C20A8C2F-A937-4550-9475-01F4DE9388C6}"
EndProject
Project("{2150E333-8FDC-42A3-9474-1A3956D46DE8}") = "Solution Items", "Solution Items", "{3670F7BA-41C0-4D6C-B19A-4ABE265DBAD5}"
	ProjectSection(SolutionItems) = preProject
		COPYING = COPYING
		README = README
	EndProjectSection
EndProject
Global
	GlobalSection(SolutionConfigurationPlatforms) = preSolution
		Debug|Any CPU = Debug|Any CPU
		Release|Any CPU = Release|Any CPU
	EndGlobalSection
	GlobalSection(ProjectConfigurationPlatforms) = postSolution
		{8F624094-B08E-41EF-8675-085898FCBCA4}.Debug|Any CPU.ActiveCfg = Debug|Any CPU
		{8F624094-B08E-41EF-8675-085898FCBCA4}.Debug|Any CPU.Build.0 = Debug|Any CPU
		{8F624094-B08E-41EF-8675-085898FCBCA4}.Release|Any CPU.ActiveCfg = Release|Any CPU
		{8F624094-B08E-41EF-8675-085898FCBCA4}.Release|Any CPU.Build.0 = Release|Any CPU
		{5FF2033F-9082-4143-835B-F5D487FDC085}.Debug|Any CPU.ActiveCfg = Debug|Any CPU
		{5FF2033F-9082-4143-835B-F5D487FDC085}.Debug|Any CPU.Build.0 = Debug|Any CPU
		{5FF2033F-9082-4143-835B-F5D487FDC085}.Release|Any CPU.ActiveCfg = Release|Any CPU
		{5FF2033F-9082-4143-835B-F5D487FDC085}.Release|Any CPU.Build.0 = Release|Any CPU
		{C20A8C2F-A937-4550-9475-01F4DE9388C6}.Debug|Any CPU.ActiveCfg = Debug|Any CPU
		{C20A8C2F-A937-4550-9475-01F4DE9388C6}.Debug|Any CPU.Build.0 = Debug|Any CPU
		{C20A8C2F-A937-4550-9475-01F4DE9388C6}.Release|Any CPU.ActiveCfg = Release|Any CPU
		{C20A8C2F-A937-4550-9475-01F4DE9388C6}.Release|Any CPU.Build.0 = Release|Any CPU
	EndGlobalSection
	GlobalSection(SolutionProperties) = preSolution
		HideSolutionNode = FALSE
	EndGlobalSection
EndGlobal
